// !$*UTF8*$!
{
	archiveVersion = 1;
	classes = {
	};
	objectVersion = 50;
	objects = {

/* Begin PBXBuildFile section */
		1283E35620FDC5400008C2C5 /* ViewController1.swift in Sources */ = {isa = PBXBuildFile; fileRef = 1283E35420FDC5400008C2C5 /* ViewController1.swift */; };
		1283E35720FDC5400008C2C5 /* ViewController1.xib in Resources */ = {isa = PBXBuildFile; fileRef = 1283E35520FDC5400008C2C5 /* ViewController1.xib */; };
		1283E35A20FDDEF30008C2C5 /* ViewController0.swift in Sources */ = {isa = PBXBuildFile; fileRef = 1283E35820FDDEF30008C2C5 /* ViewController0.swift */; };
		1283E35B20FDDEF30008C2C5 /* ViewController0.xib in Resources */ = {isa = PBXBuildFile; fileRef = 1283E35920FDDEF30008C2C5 /* ViewController0.xib */; };
		1283E35E20FDEFC80008C2C5 /* MainViewController.swift in Sources */ = {isa = PBXBuildFile; fileRef = 1283E35D20FDEFC80008C2C5 /* MainViewController.swift */; };
		1283E36020FDF3960008C2C5 /* Home.storyboard in Resources */ = {isa = PBXBuildFile; fileRef = 1283E35F20FDF3960008C2C5 /* Home.storyboard */; };
		1283E36320FDF3FF0008C2C5 /* HomeViewController.swift in Sources */ = {isa = PBXBuildFile; fileRef = 1283E36220FDF3FF0008C2C5 /* HomeViewController.swift */; };
		1283E36620FDF85E0008C2C5 /* Profile.storyboard in Resources */ = {isa = PBXBuildFile; fileRef = 1283E36420FDF85E0008C2C5 /* Profile.storyboard */; };
		1283E36920FDF8930008C2C5 /* ProfileViewController.swift in Sources */ = {isa = PBXBuildFile; fileRef = 1283E36820FDF8930008C2C5 /* ProfileViewController.swift */; };
		1286D0E220FF2EAA00BB12D0 /* HomeTableViewCell.swift in Sources */ = {isa = PBXBuildFile; fileRef = 1286D0E020FF2EAA00BB12D0 /* HomeTableViewCell.swift */; };
		1286D0E320FF2EAA00BB12D0 /* HomeTableViewCell.xib in Resources */ = {isa = PBXBuildFile; fileRef = 1286D0E120FF2EAA00BB12D0 /* HomeTableViewCell.xib */; };
		4CB09B725EBF2B1EFFD7DFFE /* Pods_dodefaults_SwiftTest.framework in Frameworks */ = {isa = PBXBuildFile; fileRef = 52EAE722C143596431B6E354 /* Pods_dodefaults_SwiftTest.framework */; };
		5A5E5F492087433700EC348F /* AppDelegate.swift in Sources */ = {isa = PBXBuildFile; fileRef = 5A5E5F482087433700EC348F /* AppDelegate.swift */; };
		5A5E5F4B2087433700EC348F /* ViewController.swift in Sources */ = {isa = PBXBuildFile; fileRef = 5A5E5F4A2087433700EC348F /* ViewController.swift */; };
		5A5E5F4E2087433700EC348F /* Main.storyboard in Resources */ = {isa = PBXBuildFile; fileRef = 5A5E5F4C2087433700EC348F /* Main.storyboard */; };
		5A5E5F502087433900EC348F /* Assets.xcassets in Resources */ = {isa = PBXBuildFile; fileRef = 5A5E5F4F2087433900EC348F /* Assets.xcassets */; };
		5A5E5F532087433900EC348F /* LaunchScreen.storyboard in Resources */ = {isa = PBXBuildFile; fileRef = 5A5E5F512087433900EC348F /* LaunchScreen.storyboard */; };
		5A5E5F5E2087433900EC348F /* SwiftTestTests.swift in Sources */ = {isa = PBXBuildFile; fileRef = 5A5E5F5D2087433900EC348F /* SwiftTestTests.swift */; };
		5A5E5F692087433900EC348F /* SwiftTestUITests.swift in Sources */ = {isa = PBXBuildFile; fileRef = 5A5E5F682087433900EC348F /* SwiftTestUITests.swift */; };
/* End PBXBuildFile section */

/* Begin PBXContainerItemProxy section */
		5A5E5F5A2087433900EC348F /* PBXContainerItemProxy */ = {
			isa = PBXContainerItemProxy;
			containerPortal = 5A5E5F3D2087433700EC348F /* Project object */;
			proxyType = 1;
			remoteGlobalIDString = 5A5E5F442087433700EC348F;
			remoteInfo = SwiftTest;
		};
		5A5E5F652087433900EC348F /* PBXContainerItemProxy */ = {
			isa = PBXContainerItemProxy;
			containerPortal = 5A5E5F3D2087433700EC348F /* Project object */;
			proxyType = 1;
			remoteGlobalIDString = 5A5E5F442087433700EC348F;
			remoteInfo = SwiftTest;
		};
/* End PBXContainerItemProxy section */

/* Begin PBXFileReference section */
		1283E35420FDC5400008C2C5 /* ViewController1.swift */ = {isa = PBXFileReference; lastKnownFileType = sourcecode.swift; path = ViewController1.swift; sourceTree = "<group>"; };
		1283E35520FDC5400008C2C5 /* ViewController1.xib */ = {isa = PBXFileReference; lastKnownFileType = file.xib; path = ViewController1.xib; sourceTree = "<group>"; };
		1283E35820FDDEF30008C2C5 /* ViewController0.swift */ = {isa = PBXFileReference; lastKnownFileType = sourcecode.swift; path = ViewController0.swift; sourceTree = "<group>"; };
		1283E35920FDDEF30008C2C5 /* ViewController0.xib */ = {isa = PBXFileReference; lastKnownFileType = file.xib; path = ViewController0.xib; sourceTree = "<group>"; };
		1283E35D20FDEFC80008C2C5 /* MainViewController.swift */ = {isa = PBXFileReference; lastKnownFileType = sourcecode.swift; path = MainViewController.swift; sourceTree = "<group>"; };
		1283E35F20FDF3960008C2C5 /* Home.storyboard */ = {isa = PBXFileReference; lastKnownFileType = file.storyboard; path = Home.storyboard; sourceTree = "<group>"; };
		1283E36220FDF3FF0008C2C5 /* HomeViewController.swift */ = {isa = PBXFileReference; lastKnownFileType = sourcecode.swift; path = HomeViewController.swift; sourceTree = "<group>"; };
		1283E36520FDF85E0008C2C5 /* Base */ = {isa = PBXFileReference; lastKnownFileType = file.storyboard; name = Base; path = SwiftTest/Main/Base.lproj/Profile.storyboard; sourceTree = "<group>"; };
		1283E36820FDF8930008C2C5 /* ProfileViewController.swift */ = {isa = PBXFileReference; lastKnownFileType = sourcecode.swift; path = ProfileViewController.swift; sourceTree = "<group>"; };
		1286D0E020FF2EAA00BB12D0 /* HomeTableViewCell.swift */ = {isa = PBXFileReference; lastKnownFileType = sourcecode.swift; path = HomeTableViewCell.swift; sourceTree = "<group>"; };
		1286D0E120FF2EAA00BB12D0 /* HomeTableViewCell.xib */ = {isa = PBXFileReference; lastKnownFileType = file.xib; path = HomeTableViewCell.xib; sourceTree = "<group>"; };
		52EAE722C143596431B6E354 /* Pods_dodefaults_SwiftTest.framework */ = {isa = PBXFileReference; explicitFileType = wrapper.framework; includeInIndex = 0; path = Pods_dodefaults_SwiftTest.framework; sourceTree = BUILT_PRODUCTS_DIR; };
		5508F3DF100440D5B8C85A53 /* Pods-dodefaults-SwiftTest.debug.xcconfig */ = {isa = PBXFileReference; includeInIndex = 1; lastKnownFileType = text.xcconfig; name = "Pods-dodefaults-SwiftTest.debug.xcconfig"; path = "Pods/Target Support Files/Pods-dodefaults-SwiftTest/Pods-dodefaults-SwiftTest.debug.xcconfig"; sourceTree = "<group>"; };
		5A5E5F452087433700EC348F /* SwiftTest.app */ = {isa = PBXFileReference; explicitFileType = wrapper.application; includeInIndex = 0; path = SwiftTest.app; sourceTree = BUILT_PRODUCTS_DIR; };
		5A5E5F482087433700EC348F /* AppDelegate.swift */ = {isa = PBXFileReference; lastKnownFileType = sourcecode.swift; path = AppDelegate.swift; sourceTree = "<group>"; };
		5A5E5F4A2087433700EC348F /* ViewController.swift */ = {isa = PBXFileReference; lastKnownFileType = sourcecode.swift; path = ViewController.swift; sourceTree = "<group>"; };
		5A5E5F4D2087433700EC348F /* Base */ = {isa = PBXFileReference; lastKnownFileType = file.storyboard; name = Base; path = Base.lproj/Main.storyboard; sourceTree = "<group>"; };
		5A5E5F4F2087433900EC348F /* Assets.xcassets */ = {isa = PBXFileReference; lastKnownFileType = folder.assetcatalog; path = Assets.xcassets; sourceTree = "<group>"; };
		5A5E5F522087433900EC348F /* Base */ = {isa = PBXFileReference; lastKnownFileType = file.storyboard; name = Base; path = Base.lproj/LaunchScreen.storyboard; sourceTree = "<group>"; };
		5A5E5F542087433900EC348F /* Info.plist */ = {isa = PBXFileReference; lastKnownFileType = text.plist.xml; path = Info.plist; sourceTree = "<group>"; };
		5A5E5F592087433900EC348F /* SwiftTestTests.xctest */ = {isa = PBXFileReference; explicitFileType = wrapper.cfbundle; includeInIndex = 0; path = SwiftTestTests.xctest; sourceTree = BUILT_PRODUCTS_DIR; };
		5A5E5F5D2087433900EC348F /* SwiftTestTests.swift */ = {isa = PBXFileReference; lastKnownFileType = sourcecode.swift; path = SwiftTestTests.swift; sourceTree = "<group>"; };
		5A5E5F5F2087433900EC348F /* Info.plist */ = {isa = PBXFileReference; lastKnownFileType = text.plist.xml; path = Info.plist; sourceTree = "<group>"; };
		5A5E5F642087433900EC348F /* SwiftTestUITests.xctest */ = {isa = PBXFileReference; explicitFileType = wrapper.cfbundle; includeInIndex = 0; path = SwiftTestUITests.xctest; sourceTree = BUILT_PRODUCTS_DIR; };
		5A5E5F682087433900EC348F /* SwiftTestUITests.swift */ = {isa = PBXFileReference; lastKnownFileType = sourcecode.swift; path = SwiftTestUITests.swift; sourceTree = "<group>"; };
		5A5E5F6A2087433900EC348F /* Info.plist */ = {isa = PBXFileReference; lastKnownFileType = text.plist.xml; path = Info.plist; sourceTree = "<group>"; };
		BD3DBD29C735466794B8A56E /* Pods-dodefaults-SwiftTest.release.xcconfig */ = {isa = PBXFileReference; includeInIndex = 1; lastKnownFileType = text.xcconfig; name = "Pods-dodefaults-SwiftTest.release.xcconfig"; path = "Pods/Target Support Files/Pods-dodefaults-SwiftTest/Pods-dodefaults-SwiftTest.release.xcconfig"; sourceTree = "<group>"; };
/* End PBXFileReference section */

/* Begin PBXFrameworksBuildPhase section */
		5A5E5F422087433700EC348F /* Frameworks */ = {
			isa = PBXFrameworksBuildPhase;
			buildActionMask = 2147483647;
			files = (
				4CB09B725EBF2B1EFFD7DFFE /* Pods_dodefaults_SwiftTest.framework in Frameworks */,
			);
			runOnlyForDeploymentPostprocessing = 0;
		};
		5A5E5F562087433900EC348F /* Frameworks */ = {
			isa = PBXFrameworksBuildPhase;
			buildActionMask = 2147483647;
			files = (
			);
			runOnlyForDeploymentPostprocessing = 0;
		};
		5A5E5F612087433900EC348F /* Frameworks */ = {
			isa = PBXFrameworksBuildPhase;
			buildActionMask = 2147483647;
			files = (
			);
			runOnlyForDeploymentPostprocessing = 0;
		};
/* End PBXFrameworksBuildPhase section */

/* Begin PBXGroup section */
		1283E35C20FDEF9F0008C2C5 /* Home */ = {
			isa = PBXGroup;
			children = (
				1283E36220FDF3FF0008C2C5 /* HomeViewController.swift */,
				1283E35F20FDF3960008C2C5 /* Home.storyboard */,
				1286D0E020FF2EAA00BB12D0 /* HomeTableViewCell.swift */,
				1286D0E120FF2EAA00BB12D0 /* HomeTableViewCell.xib */,
			);
			path = Home;
			sourceTree = "<group>";
		};
		1283E36120FDF3A10008C2C5 /* Main */ = {
			isa = PBXGroup;
			children = (
				1283E35D20FDEFC80008C2C5 /* MainViewController.swift */,
				5A5E5F4C2087433700EC348F /* Main.storyboard */,
			);
			path = Main;
			sourceTree = "<group>";
		};
		1283E36720FDF8700008C2C5 /* Profile */ = {
			isa = PBXGroup;
			children = (
				1283E36820FDF8930008C2C5 /* ProfileViewController.swift */,
				1283E36420FDF85E0008C2C5 /* Profile.storyboard */,
			);
			path = Profile;
			sourceTree = "<group>";
		};
		5A5E5F3C2087433700EC348F = {
			isa = PBXGroup;
			children = (
				5A5E5F472087433700EC348F /* SwiftTest */,
				5A5E5F5C2087433900EC348F /* SwiftTestTests */,
				5A5E5F672087433900EC348F /* SwiftTestUITests */,
				5A5E5F462087433700EC348F /* Products */,
				9B07F79B196FBF14F1E2D624 /* Pods */,
				CBBA57720290E03515ADBC76 /* Frameworks */,
			);
			sourceTree = "<group>";
		};
		5A5E5F462087433700EC348F /* Products */ = {
			isa = PBXGroup;
			children = (
				5A5E5F452087433700EC348F /* SwiftTest.app */,
				5A5E5F592087433900EC348F /* SwiftTestTests.xctest */,
				5A5E5F642087433900EC348F /* SwiftTestUITests.xctest */,
			);
			name = Products;
			sourceTree = "<group>";
		};
		5A5E5F472087433700EC348F /* SwiftTest */ = {
			isa = PBXGroup;
			children = (
				1283E36120FDF3A10008C2C5 /* Main */,
				1283E35C20FDEF9F0008C2C5 /* Home */,
				1283E36720FDF8700008C2C5 /* Profile */,
				5A5E5F482087433700EC348F /* AppDelegate.swift */,
				5A5E5F4A2087433700EC348F /* ViewController.swift */,
				1283E35820FDDEF30008C2C5 /* ViewController0.swift */,
				1283E35920FDDEF30008C2C5 /* ViewController0.xib */,
				1283E35420FDC5400008C2C5 /* ViewController1.swift */,
				1283E35520FDC5400008C2C5 /* ViewController1.xib */,
				5A5E5F4F2087433900EC348F /* Assets.xcassets */,
				5A5E5F512087433900EC348F /* LaunchScreen.storyboard */,
				5A5E5F542087433900EC348F /* Info.plist */,
			);
			path = SwiftTest;
			sourceTree = "<group>";
		};
		5A5E5F5C2087433900EC348F /* SwiftTestTests */ = {
			isa = PBXGroup;
			children = (
				5A5E5F5D2087433900EC348F /* SwiftTestTests.swift */,
				5A5E5F5F2087433900EC348F /* Info.plist */,
			);
			path = SwiftTestTests;
			sourceTree = "<group>";
		};
		5A5E5F672087433900EC348F /* SwiftTestUITests */ = {
			isa = PBXGroup;
			children = (
				5A5E5F682087433900EC348F /* SwiftTestUITests.swift */,
				5A5E5F6A2087433900EC348F /* Info.plist */,
			);
			path = SwiftTestUITests;
			sourceTree = "<group>";
		};
		9B07F79B196FBF14F1E2D624 /* Pods */ = {
			isa = PBXGroup;
			children = (
				5508F3DF100440D5B8C85A53 /* Pods-dodefaults-SwiftTest.debug.xcconfig */,
				BD3DBD29C735466794B8A56E /* Pods-dodefaults-SwiftTest.release.xcconfig */,
			);
			name = Pods;
			sourceTree = "<group>";
		};
		CBBA57720290E03515ADBC76 /* Frameworks */ = {
			isa = PBXGroup;
			children = (
				52EAE722C143596431B6E354 /* Pods_dodefaults_SwiftTest.framework */,
			);
			name = Frameworks;
			sourceTree = "<group>";
		};
/* End PBXGroup section */

/* Begin PBXNativeTarget section */
		5A5E5F442087433700EC348F /* SwiftTest */ = {
			isa = PBXNativeTarget;
			buildConfigurationList = 5A5E5F6D2087433900EC348F /* Build configuration list for PBXNativeTarget "SwiftTest" */;
			buildPhases = (
				4BAB6954DFFF1846AF22D8D5 /* [CP] Check Pods Manifest.lock */,
				5A5E5F412087433700EC348F /* Sources */,
				5A5E5F422087433700EC348F /* Frameworks */,
				5A5E5F432087433700EC348F /* Resources */,
				21F76508D09A2DF20F564642 /* [CP] Embed Pods Frameworks */,
			);
			buildRules = (
			);
			dependencies = (
			);
			name = SwiftTest;
			productName = SwiftTest;
			productReference = 5A5E5F452087433700EC348F /* SwiftTest.app */;
			productType = "com.apple.product-type.application";
		};
		5A5E5F582087433900EC348F /* SwiftTestTests */ = {
			isa = PBXNativeTarget;
			buildConfigurationList = 5A5E5F702087433900EC348F /* Build configuration list for PBXNativeTarget "SwiftTestTests" */;
			buildPhases = (
				5A5E5F552087433900EC348F /* Sources */,
				5A5E5F562087433900EC348F /* Frameworks */,
				5A5E5F572087433900EC348F /* Resources */,
			);
			buildRules = (
			);
			dependencies = (
				5A5E5F5B2087433900EC348F /* PBXTargetDependency */,
			);
			name = SwiftTestTests;
			productName = SwiftTestTests;
			productReference = 5A5E5F592087433900EC348F /* SwiftTestTests.xctest */;
			productType = "com.apple.product-type.bundle.unit-test";
		};
		5A5E5F632087433900EC348F /* SwiftTestUITests */ = {
			isa = PBXNativeTarget;
			buildConfigurationList = 5A5E5F732087433900EC348F /* Build configuration list for PBXNativeTarget "SwiftTestUITests" */;
			buildPhases = (
				5A5E5F602087433900EC348F /* Sources */,
				5A5E5F612087433900EC348F /* Frameworks */,
				5A5E5F622087433900EC348F /* Resources */,
			);
			buildRules = (
			);
			dependencies = (
				5A5E5F662087433900EC348F /* PBXTargetDependency */,
			);
			name = SwiftTestUITests;
			productName = SwiftTestUITests;
			productReference = 5A5E5F642087433900EC348F /* SwiftTestUITests.xctest */;
			productType = "com.apple.product-type.bundle.ui-testing";
		};
/* End PBXNativeTarget section */

/* Begin PBXProject section */
		5A5E5F3D2087433700EC348F /* Project object */ = {
			isa = PBXProject;
			attributes = {
				LastSwiftUpdateCheck = 0930;
				LastUpgradeCheck = 0930;
				ORGANIZATIONNAME = "Jiabin wang";
				TargetAttributes = {
					5A5E5F442087433700EC348F = {
						CreatedOnToolsVersion = 9.3;
					};
					5A5E5F582087433900EC348F = {
						CreatedOnToolsVersion = 9.3;
						TestTargetID = 5A5E5F442087433700EC348F;
					};
					5A5E5F632087433900EC348F = {
						CreatedOnToolsVersion = 9.3;
						TestTargetID = 5A5E5F442087433700EC348F;
					};
				};
			};
			buildConfigurationList = 5A5E5F402087433700EC348F /* Build configuration list for PBXProject "SwiftTest" */;
			compatibilityVersion = "Xcode 9.3";
			developmentRegion = en;
			hasScannedForEncodings = 0;
			knownRegions = (
				en,
				Base,
			);
			mainGroup = 5A5E5F3C2087433700EC348F;
			productRefGroup = 5A5E5F462087433700EC348F /* Products */;
			projectDirPath = "";
			projectRoot = "";
			targets = (
				5A5E5F442087433700EC348F /* SwiftTest */,
				5A5E5F582087433900EC348F /* SwiftTestTests */,
				5A5E5F632087433900EC348F /* SwiftTestUITests */,
			);
		};
/* End PBXProject section */

/* Begin PBXResourcesBuildPhase section */
		5A5E5F432087433700EC348F /* Resources */ = {
			isa = PBXResourcesBuildPhase;
			buildActionMask = 2147483647;
			files = (
				1283E35720FDC5400008C2C5 /* ViewController1.xib in Resources */,
				5A5E5F532087433900EC348F /* LaunchScreen.storyboard in Resources */,
				1286D0E320FF2EAA00BB12D0 /* HomeTableViewCell.xib in Resources */,
				1283E35B20FDDEF30008C2C5 /* ViewController0.xib in Resources */,
				1283E36020FDF3960008C2C5 /* Home.storyboard in Resources */,
				5A5E5F502087433900EC348F /* Assets.xcassets in Resources */,
				1283E36620FDF85E0008C2C5 /* Profile.storyboard in Resources */,
				5A5E5F4E2087433700EC348F /* Main.storyboard in Resources */,
			);
			runOnlyForDeploymentPostprocessing = 0;
		};
		5A5E5F572087433900EC348F /* Resources */ = {
			isa = PBXResourcesBuildPhase;
			buildActionMask = 2147483647;
			files = (
			);
			runOnlyForDeploymentPostprocessing = 0;
		};
		5A5E5F622087433900EC348F /* Resources */ = {
			isa = PBXResourcesBuildPhase;
			buildActionMask = 2147483647;
			files = (
			);
			runOnlyForDeploymentPostprocessing = 0;
		};
/* End PBXResourcesBuildPhase section */

/* Begin PBXShellScriptBuildPhase section */
		21F76508D09A2DF20F564642 /* [CP] Embed Pods Frameworks */ = {
			isa = PBXShellScriptBuildPhase;
			buildActionMask = 2147483647;
			files = (
			);
			inputPaths = (
				"${SRCROOT}/Pods/Target Support Files/Pods-dodefaults-SwiftTest/Pods-dodefaults-SwiftTest-frameworks.sh",
				"${BUILT_PRODUCTS_DIR}/RazzleDazzle/RazzleDazzle.framework",
				"${BUILT_PRODUCTS_DIR}/StarWars/StarWars.framework",
			);
			name = "[CP] Embed Pods Frameworks";
			outputPaths = (
				"${TARGET_BUILD_DIR}/${FRAMEWORKS_FOLDER_PATH}/RazzleDazzle.framework",
				"${TARGET_BUILD_DIR}/${FRAMEWORKS_FOLDER_PATH}/StarWars.framework",
			);
			runOnlyForDeploymentPostprocessing = 0;
			shellPath = /bin/sh;
			shellScript = "\"${SRCROOT}/Pods/Target Support Files/Pods-dodefaults-SwiftTest/Pods-dodefaults-SwiftTest-frameworks.sh\"\n";
			showEnvVarsInLog = 0;
		};
		4BAB6954DFFF1846AF22D8D5 /* [CP] Check Pods Manifest.lock */ = {
			isa = PBXShellScriptBuildPhase;
			buildActionMask = 2147483647;
			files = (
			);
			inputPaths = (
				"${PODS_PODFILE_DIR_PATH}/Podfile.lock",
				"${PODS_ROOT}/Manifest.lock",
			);
			name = "[CP] Check Pods Manifest.lock";
			outputPaths = (
				"$(DERIVED_FILE_DIR)/Pods-dodefaults-SwiftTest-checkManifestLockResult.txt",
			);
			runOnlyForDeploymentPostprocessing = 0;
			shellPath = /bin/sh;
			shellScript = "diff \"${PODS_PODFILE_DIR_PATH}/Podfile.lock\" \"${PODS_ROOT}/Manifest.lock\" > /dev/null\nif [ $? != 0 ] ; then\n    # print error to STDERR\n    echo \"error: The sandbox is not in sync with the Podfile.lock. Run 'pod install' or update your CocoaPods installation.\" >&2\n    exit 1\nfi\n# This output is used by Xcode 'outputs' to avoid re-running this script phase.\necho \"SUCCESS\" > \"${SCRIPT_OUTPUT_FILE_0}\"\n";
			showEnvVarsInLog = 0;
		};
/* End PBXShellScriptBuildPhase section */

/* Begin PBXSourcesBuildPhase section */
		5A5E5F412087433700EC348F /* Sources */ = {
			isa = PBXSourcesBuildPhase;
			buildActionMask = 2147483647;
			files = (
				1283E35620FDC5400008C2C5 /* ViewController1.swift in Sources */,
				5A5E5F4B2087433700EC348F /* ViewController.swift in Sources */,
				5A5E5F492087433700EC348F /* AppDelegate.swift in Sources */,
				1283E35A20FDDEF30008C2C5 /* ViewController0.swift in Sources */,
				1283E36920FDF8930008C2C5 /* ProfileViewController.swift in Sources */,
				1283E35E20FDEFC80008C2C5 /* MainViewController.swift in Sources */,
				1286D0E220FF2EAA00BB12D0 /* HomeTableViewCell.swift in Sources */,
				1283E36320FDF3FF0008C2C5 /* HomeViewController.swift in Sources */,
			);
			runOnlyForDeploymentPostprocessing = 0;
		};
		5A5E5F552087433900EC348F /* Sources */ = {
			isa = PBXSourcesBuildPhase;
			buildActionMask = 2147483647;
			files = (
				5A5E5F5E2087433900EC348F /* SwiftTestTests.swift in Sources */,
			);
			runOnlyForDeploymentPostprocessing = 0;
		};
		5A5E5F602087433900EC348F /* Sources */ = {
			isa = PBXSourcesBuildPhase;
			buildActionMask = 2147483647;
			files = (
				5A5E5F692087433900EC348F /* SwiftTestUITests.swift in Sources */,
			);
			runOnlyForDeploymentPostprocessing = 0;
		};
/* End PBXSourcesBuildPhase section */

/* Begin PBXTargetDependency section */
		5A5E5F5B2087433900EC348F /* PBXTargetDependency */ = {
			isa = PBXTargetDependency;
			target = 5A5E5F442087433700EC348F /* SwiftTest */;
			targetProxy = 5A5E5F5A2087433900EC348F /* PBXContainerItemProxy */;
		};
		5A5E5F662087433900EC348F /* PBXTargetDependency */ = {
			isa = PBXTargetDependency;
			target = 5A5E5F442087433700EC348F /* SwiftTest */;
			targetProxy = 5A5E5F652087433900EC348F /* PBXContainerItemProxy */;
		};
/* End PBXTargetDependency section */

/* Begin PBXVariantGroup section */
		1283E36420FDF85E0008C2C5 /* Profile.storyboard */ = {
			isa = PBXVariantGroup;
			children = (
				1283E36520FDF85E0008C2C5 /* Base */,
			);
			name = Profile.storyboard;
			sourceTree = "<group>";
		};
		5A5E5F4C2087433700EC348F /* Main.storyboard */ = {
			isa = PBXVariantGroup;
			children = (
				5A5E5F4D2087433700EC348F /* Base */,
			);
			name = Main.storyboard;
			sourceTree = "<group>";
		};
		5A5E5F512087433900EC348F /* LaunchScreen.storyboard */ = {
			isa = PBXVariantGroup;
			children = (
				5A5E5F522087433900EC348F /* Base */,
			);
			name = LaunchScreen.storyboard;
			sourceTree = "<group>";
		};
/* End PBXVariantGroup section */

/* Begin XCBuildConfiguration section */
		5A5E5F6B2087433900EC348F /* Debug */ = {
			isa = XCBuildConfiguration;
			buildSettings = {
				ALWAYS_SEARCH_USER_PATHS = NO;
				CLANG_ANALYZER_NONNULL = YES;
				CLANG_ANALYZER_NUMBER_OBJECT_CONVERSION = YES_AGGRESSIVE;
				CLANG_CXX_LANGUAGE_STANDARD = "gnu++14";
				CLANG_CXX_LIBRARY = "libc++";
				CLANG_ENABLE_MODULES = YES;
				CLANG_ENABLE_OBJC_ARC = YES;
				CLANG_ENABLE_OBJC_WEAK = YES;
				CLANG_WARN_BLOCK_CAPTURE_AUTORELEASING = YES;
				CLANG_WARN_BOOL_CONVERSION = YES;
				CLANG_WARN_COMMA = YES;
				CLANG_WARN_CONSTANT_CONVERSION = YES;
				CLANG_WARN_DEPRECATED_OBJC_IMPLEMENTATIONS = YES;
				CLANG_WARN_DIRECT_OBJC_ISA_USAGE = YES_ERROR;
				CLANG_WARN_DOCUMENTATION_COMMENTS = YES;
				CLANG_WARN_EMPTY_BODY = YES;
				CLANG_WARN_ENUM_CONVERSION = YES;
				CLANG_WARN_INFINITE_RECURSION = YES;
				CLANG_WARN_INT_CONVERSION = YES;
				CLANG_WARN_NON_LITERAL_NULL_CONVERSION = YES;
				CLANG_WARN_OBJC_IMPLICIT_RETAIN_SELF = YES;
				CLANG_WARN_OBJC_LITERAL_CONVERSION = YES;
				CLANG_WARN_OBJC_ROOT_CLASS = YES_ERROR;
				CLANG_WARN_RANGE_LOOP_ANALYSIS = YES;
				CLANG_WARN_STRICT_PROTOTYPES = YES;
				CLANG_WARN_SUSPICIOUS_MOVE = YES;
				CLANG_WARN_UNGUARDED_AVAILABILITY = YES_AGGRESSIVE;
				CLANG_WARN_UNREACHABLE_CODE = YES;
				CLANG_WARN__DUPLICATE_METHOD_MATCH = YES;
				CODE_SIGN_IDENTITY = "iPhone Developer";
				COPY_PHASE_STRIP = NO;
				DEBUG_INFORMATION_FORMAT = dwarf;
				ENABLE_STRICT_OBJC_MSGSEND = YES;
				ENABLE_TESTABILITY = YES;
				GCC_C_LANGUAGE_STANDARD = gnu11;
				GCC_DYNAMIC_NO_PIC = NO;
				GCC_NO_COMMON_BLOCKS = YES;
				GCC_OPTIMIZATION_LEVEL = 0;
				GCC_PREPROCESSOR_DEFINITIONS = (
					"DEBUG=1",
					"$(inherited)",
				);
				GCC_WARN_64_TO_32_BIT_CONVERSION = YES;
				GCC_WARN_ABOUT_RETURN_TYPE = YES_ERROR;
				GCC_WARN_UNDECLARED_SELECTOR = YES;
				GCC_WARN_UNINITIALIZED_AUTOS = YES_AGGRESSIVE;
				GCC_WARN_UNUSED_FUNCTION = YES;
				GCC_WARN_UNUSED_VARIABLE = YES;
				IPHONEOS_DEPLOYMENT_TARGET = 11.3;
				MTL_ENABLE_DEBUG_INFO = YES;
				ONLY_ACTIVE_ARCH = YES;
				SDKROOT = iphoneos;
				SWIFT_ACTIVE_COMPILATION_CONDITIONS = DEBUG;
				SWIFT_OPTIMIZATION_LEVEL = "-Onone";
			};
			name = Debug;
		};
		5A5E5F6C2087433900EC348F /* Release */ = {
			isa = XCBuildConfiguration;
			buildSettings = {
				ALWAYS_SEARCH_USER_PATHS = NO;
				CLANG_ANALYZER_NONNULL = YES;
				CLANG_ANALYZER_NUMBER_OBJECT_CONVERSION = YES_AGGRESSIVE;
				CLANG_CXX_LANGUAGE_STANDARD = "gnu++14";
				CLANG_CXX_LIBRARY = "libc++";
				CLANG_ENABLE_MODULES = YES;
				CLANG_ENABLE_OBJC_ARC = YES;
				CLANG_ENABLE_OBJC_WEAK = YES;
				CLANG_WARN_BLOCK_CAPTURE_AUTORELEASING = YES;
				CLANG_WARN_BOOL_CONVERSION = YES;
				CLANG_WARN_COMMA = YES;
				CLANG_WARN_CONSTANT_CONVERSION = YES;
				CLANG_WARN_DEPRECATED_OBJC_IMPLEMENTATIONS = YES;
				CLANG_WARN_DIRECT_OBJC_ISA_USAGE = YES_ERROR;
				CLANG_WARN_DOCUMENTATION_COMMENTS = YES;
				CLANG_WARN_EMPTY_BODY = YES;
				CLANG_WARN_ENUM_CONVERSION = YES;
				CLANG_WARN_INFINITE_RECURSION = YES;
				CLANG_WARN_INT_CONVERSION = YES;
				CLANG_WARN_NON_LITERAL_NULL_CONVERSION = YES;
				CLANG_WARN_OBJC_IMPLICIT_RETAIN_SELF = YES;
				CLANG_WARN_OBJC_LITERAL_CONVERSION = YES;
				CLANG_WARN_OBJC_ROOT_CLASS = YES_ERROR;
				CLANG_WARN_RANGE_LOOP_ANALYSIS = YES;
				CLANG_WARN_STRICT_PROTOTYPES = YES;
				CLANG_WARN_SUSPICIOUS_MOVE = YES;
				CLANG_WARN_UNGUARDED_AVAILABILITY = YES_AGGRESSIVE;
				CLANG_WARN_UNREACHABLE_CODE = YES;
				CLANG_WARN__DUPLICATE_METHOD_MATCH = YES;
				CODE_SIGN_IDENTITY = "iPhone Developer";
				COPY_PHASE_STRIP = NO;
				DEBUG_INFORMATION_FORMAT = "dwarf-with-dsym";
				ENABLE_NS_ASSERTIONS = NO;
				ENABLE_STRICT_OBJC_MSGSEND = YES;
				GCC_C_LANGUAGE_STANDARD = gnu11;
				GCC_NO_COMMON_BLOCKS = YES;
				GCC_WARN_64_TO_32_BIT_CONVERSION = YES;
				GCC_WARN_ABOUT_RETURN_TYPE = YES_ERROR;
				GCC_WARN_UNDECLARED_SELECTOR = YES;
				GCC_WARN_UNINITIALIZED_AUTOS = YES_AGGRESSIVE;
				GCC_WARN_UNUSED_FUNCTION = YES;
				GCC_WARN_UNUSED_VARIABLE = YES;
				IPHONEOS_DEPLOYMENT_TARGET = 11.3;
				MTL_ENABLE_DEBUG_INFO = NO;
				SDKROOT = iphoneos;
				SWIFT_COMPILATION_MODE = wholemodule;
				SWIFT_OPTIMIZATION_LEVEL = "-O";
				VALIDATE_PRODUCT = YES;
			};
			name = Release;
		};
		5A5E5F6E2087433900EC348F /* Debug */ = {
			isa = XCBuildConfiguration;
			baseConfigurationReference = 5508F3DF100440D5B8C85A53 /* Pods-dodefaults-SwiftTest.debug.xcconfig */;
			buildSettings = {
				ASSETCATALOG_COMPILER_APPICON_NAME = AppIcon;
				CODE_SIGN_STYLE = Automatic;
				DEVELOPMENT_TEAM = ZEWJMHGCDB;
				INFOPLIST_FILE = SwiftTest/Info.plist;
				LD_RUNPATH_SEARCH_PATHS = (
					"$(inherited)",
					"@executable_path/Frameworks",
				);
				PRODUCT_BUNDLE_IDENTIFIER = PageTest.SwiftTest;
				PRODUCT_NAME = "$(TARGET_NAME)";
				SWIFT_VERSION = 4.0;
				TARGETED_DEVICE_FAMILY = "1,2";
			};
			name = Debug;
		};
		5A5E5F6F2087433900EC348F /* Release */ = {
			isa = XCBuildConfiguration;
			baseConfigurationReference = BD3DBD29C735466794B8A56E /* Pods-dodefaults-SwiftTest.release.xcconfig */;
			buildSettings = {
				ASSETCATALOG_COMPILER_APPICON_NAME = AppIcon;
				CODE_SIGN_STYLE = Automatic;
				DEVELOPMENT_TEAM = ZEWJMHGCDB;
				INFOPLIST_FILE = SwiftTest/Info.plist;
				LD_RUNPATH_SEARCH_PATHS = (
					"$(inherited)",
					"@executable_path/Frameworks",
				);
				PRODUCT_BUNDLE_IDENTIFIER = PageTest.SwiftTest;
				PRODUCT_NAME = "$(TARGET_NAME)";
				SWIFT_VERSION = 4.0;
				TARGETED_DEVICE_FAMILY = "1,2";
			};
			name = Release;
		};
		5A5E5F712087433900EC348F /* Debug */ = {
			isa = XCBuildConfiguration;
			buildSettings = {
				ALWAYS_EMBED_SWIFT_STANDARD_LIBRARIES = YES;
				BUNDLE_LOADER = "$(TEST_HOST)";
				CODE_SIGN_STYLE = Automatic;
				DEVELOPMENT_TEAM = ZEWJMHGCDB;
				INFOPLIST_FILE = SwiftTestTests/Info.plist;
				LD_RUNPATH_SEARCH_PATHS = (
					"$(inherited)",
					"@executable_path/Frameworks",
					"@loader_path/Frameworks",
				);
				PRODUCT_BUNDLE_IDENTIFIER = PageTest.SwiftTestTests;
				PRODUCT_NAME = "$(TARGET_NAME)";
				SWIFT_VERSION = 4.0;
				TARGETED_DEVICE_FAMILY = "1,2";
				TEST_HOST = "$(BUILT_PRODUCTS_DIR)/SwiftTest.app/SwiftTest";
			};
			name = Debug;
		};
		5A5E5F722087433900EC348F /* Release */ = {
			isa = XCBuildConfiguration;
			buildSettings = {
				ALWAYS_EMBED_SWIFT_STANDARD_LIBRARIES = YES;
				BUNDLE_LOADER = "$(TEST_HOST)";
				CODE_SIGN_STYLE = Automatic;
				DEVELOPMENT_TEAM = ZEWJMHGCDB;
				INFOPLIST_FILE = SwiftTestTests/Info.plist;
				LD_RUNPATH_SEARCH_PATHS = (
					"$(inherited)",
					"@executable_path/Frameworks",
					"@loader_path/Frameworks",
				);
				PRODUCT_BUNDLE_IDENTIFIER = PageTest.SwiftTestTests;
				PRODUCT_NAME = "$(TARGET_NAME)";
				SWIFT_VERSION = 4.0;
				TARGETED_DEVICE_FAMILY = "1,2";
				TEST_HOST = "$(BUILT_PRODUCTS_DIR)/SwiftTest.app/SwiftTest";
			};
			name = Release;
		};
		5A5E5F742087433900EC348F /* Debug */ = {
			isa = XCBuildConfiguration;
			buildSettings = {
				ALWAYS_EMBED_SWIFT_STANDARD_LIBRARIES = YES;
				CODE_SIGN_STYLE = Automatic;
				DEVELOPMENT_TEAM = ZEWJMHGCDB;
				INFOPLIST_FILE = SwiftTestUITests/Info.plist;
				LD_RUNPATH_SEARCH_PATHS = (
					"$(inherited)",
					"@executable_path/Frameworks",
					"@loader_path/Frameworks",
				);
				PRODUCT_BUNDLE_IDENTIFIER = PageTest.SwiftTestUITests;
				PRODUCT_NAME = "$(TARGET_NAME)";
				SWIFT_VERSION = 4.0;
				TARGETED_DEVICE_FAMILY = "1,2";
				TEST_TARGET_NAME = SwiftTest;
			};
			name = Debug;
		};
		5A5E5F752087433900EC348F /* Release */ = {
			isa = XCBuildConfiguration;
			buildSettings = {
				ALWAYS_EMBED_SWIFT_STANDARD_LIBRARIES = YES;
				CODE_SIGN_STYLE = Automatic;
				DEVELOPMENT_TEAM = ZEWJMHGCDB;
				INFOPLIST_FILE = SwiftTestUITests/Info.plist;
				LD_RUNPATH_SEARCH_PATHS = (
					"$(inherited)",
					"@executable_path/Frameworks",
					"@loader_path/Frameworks",
				);
				PRODUCT_BUNDLE_IDENTIFIER = PageTest.SwiftTestUITests;
				PRODUCT_NAME = "$(TARGET_NAME)";
				SWIFT_VERSION = 4.0;
				TARGETED_DEVICE_FAMILY = "1,2";
				TEST_TARGET_NAME = SwiftTest;
			};
			name = Release;
		};
/* End XCBuildConfiguration section */

/* Begin XCConfigurationList section */
		5A5E5F402087433700EC348F /* Build configuration list for PBXProject "SwiftTest" */ = {
			isa = XCConfigurationList;
			buildConfigurations = (
				5A5E5F6B2087433900EC348F /* Debug */,
				5A5E5F6C2087433900EC348F /* Release */,
			);
			defaultConfigurationIsVisible = 0;
			defaultConfigurationName = Release;
		};
		5A5E5F6D2087433900EC348F /* Build configuration list for PBXNativeTarget "SwiftTest" */ = {
			isa = XCConfigurationList;
			buildConfigurations = (
				5A5E5F6E2087433900EC348F /* Debug */,
				5A5E5F6F2087433900EC348F /* Release */,
			);
			defaultConfigurationIsVisible = 0;
			defaultConfigurationName = Release;
		};
		5A5E5F702087433900EC348F /* Build configuration list for PBXNativeTarget "SwiftTestTests" */ = {
			isa = XCConfigurationList;
			buildConfigurations = (
				5A5E5F712087433900EC348F /* Debug */,
				5A5E5F722087433900EC348F /* Release */,
			);
			defaultConfigurationIsVisible = 0;
			defaultConfigurationName = Release;
		};
		5A5E5F732087433900EC348F /* Build configuration list for PBXNativeTarget "SwiftTestUITests" */ = {
			isa = XCConfigurationList;
			buildConfigurations = (
				5A5E5F742087433900EC348F /* Debug */,
				5A5E5F752087433900EC348F /* Release */,
			);
			defaultConfigurationIsVisible = 0;
			defaultConfigurationName = Release;
		};
/* End XCConfigurationList section */
	};
	rootObject = 5A5E5F3D2087433700EC348F /* Project object */;
}
